
Microsoft Visual Studio Solution File, Format Version 12.00
# Visual Studio 15
VisualStudioVersion = 15.0.26430.6
MinimumVisualStudioVersion = 10.0.40219.1
Project("{D954291E-2A0B-460D-934E-DC6B0785DB48}") = "Levart", "Levart\Levart\Levart.shproj", "{7823FD28-C8B1-44E8-BCBE-6DB8D6277849}"
EndProject
Project("{FAE04EC0-301F-11D3-BF4B-00C04F79EFBC}") = "Levart.Android", "Levart\Levart.Android\Levart.Android.csproj", "{35F178FF-775B-47D7-8C99-43D658D03D5D}"
EndProject
Project("{FAE04EC0-301F-11D3-BF4B-00C04F79EFBC}") = "Levart.iOS", "Levart\Levart.iOS\Levart.iOS.csproj", "{BC7C1F97-C979-42E8-955E-35B6CC04DF03}"
EndProject
Project("{FAE04EC0-301F-11D3-BF4B-00C04F79EFBC}") = "Levart.UWP", "Levart\Levart.UWP\Levart.UWP.csproj", "{F362DA3D-62F3-40CA-A31E-E95E6EDFCB3E}"
EndProject
Global
	GlobalSection(SharedMSBuildProjectFiles) = preSolution
		Levart\Levart\Levart.projitems*{35f178ff-775b-47d7-8c99-43d658d03d5d}*SharedItemsImports = 4
		Levart\Levart\Levart.projitems*{7823fd28-c8b1-44e8-bcbe-6db8d6277849}*SharedItemsImports = 13
		Levart\Levart\Levart.projitems*{bc7c1f97-c979-42e8-955e-35b6cc04df03}*SharedItemsImports = 4
		Levart\Levart\Levart.projitems*{f362da3d-62f3-40ca-a31e-e95e6edfcb3e}*SharedItemsImports = 4
	EndGlobalSection
	GlobalSection(SolutionConfigurationPlatforms) = preSolution
		Ad-Hoc|Any CPU = Ad-Hoc|Any CPU
		Ad-Hoc|ARM = Ad-Hoc|ARM
		Ad-Hoc|iPhone = Ad-Hoc|iPhone
		Ad-Hoc|iPhoneSimulator = Ad-Hoc|iPhoneSimulator
		Ad-Hoc|x64 = Ad-Hoc|x64
		Ad-Hoc|x86 = Ad-Hoc|x86
		AppStore|Any CPU = AppStore|Any CPU
		AppStore|ARM = AppStore|ARM
		AppStore|iPhone = AppStore|iPhone
		AppStore|iPhoneSimulator = AppStore|iPhoneSimulator
		AppStore|x64 = AppStore|x64
		AppStore|x86 = AppStore|x86
		Debug|Any CPU = Debug|Any CPU
		Debug|ARM = Debug|ARM
		Debug|iPhone = Debug|iPhone
		Debug|iPhoneSimulator = Debug|iPhoneSimulator
		Debug|x64 = Debug|x64
		Debug|x86 = Debug|x86
		Release|Any CPU = Release|Any CPU
		Release|ARM = Release|ARM
		Release|iPhone = Release|iPhone
		Release|iPhoneSimulator = Release|iPhoneSimulator
		Release|x64 = Release|x64
		Release|x86 = Release|x86
	EndGlobalSection
	GlobalSection(ProjectConfigurationPlatforms) = postSolution
		{35F178FF-775B-47D7-8C99-43D658D03D5D}.Ad-Hoc|Any CPU.ActiveCfg = Release|Any CPU
		{35F178FF-775B-47D7-8C99-43D658D03D5D}.Ad-Hoc|Any CPU.Build.0 = Release|Any CPU
		{35F178FF-775B-47D7-8C99-43D658D03D5D}.Ad-Hoc|Any CPU.Deploy.0 = Release|Any CPU
		{35F178FF-775B-47D7-8C99-43D658D03D5D}.Ad-Hoc|ARM.ActiveCfg = Release|Any CPU
		{35F178FF-775B-47D7-8C99-43D658D03D5D}.Ad-Hoc|ARM.Build.0 = Release|Any CPU
		{35F178FF-775B-47D7-8C99-43D658D03D5D}.Ad-Hoc|ARM.Deploy.0 = Release|Any CPU
		{35F178FF-775B-47D7-8C99-43D658D03D5D}.Ad-Hoc|iPhone.ActiveCfg = Release|Any CPU
		{35F178FF-775B-47D7-8C99-43D658D03D5D}.Ad-Hoc|iPhone.Build.0 = Release|Any CPU
		{35F178FF-775B-47D7-8C99-43D658D03D5D}.Ad-Hoc|iPhone.Deploy.0 = Release|Any CPU
		{35F178FF-775B-47D7-8C99-43D658D03D5D}.Ad-Hoc|iPhoneSimulator.ActiveCfg = Release|Any CPU
		{35F178FF-775B-47D7-8C99-43D658D03D5D}.Ad-Hoc|iPhoneSimulator.Build.0 = Release|Any CPU
		{35F178FF-775B-47D7-8C99-43D658D03D5D}.Ad-Hoc|iPhoneSimulator.Deploy.0 = Release|Any CPU
		{35F178FF-775B-47D7-8C99-43D658D03D5D}.Ad-Hoc|x64.ActiveCfg = Release|Any CPU
		{35F178FF-775B-47D7-8C99-43D658D03D5D}.Ad-Hoc|x64.Build.0 = Release|Any CPU
		{35F178FF-775B-47D7-8C99-43D658D03D5D}.Ad-Hoc|x64.Deploy.0 = Release|Any CPU
		{35F178FF-775B-47D7-8C99-43D658D03D5D}.Ad-Hoc|x86.ActiveCfg = Release|Any CPU
		{35F178FF-775B-47D7-8C99-43D658D03D5D}.Ad-Hoc|x86.Build.0 = Release|Any CPU
		{35F178FF-775B-47D7-8C99-43D658D03D5D}.Ad-Hoc|x86.Deploy.0 = Release|Any CPU
		{35F178FF-775B-47D7-8C99-43D658D03D5D}.AppStore|Any CPU.ActiveCfg = Release|Any CPU
		{35F178FF-775B-47D7-8C99-43D658D03D5D}.AppStore|Any CPU.Build.0 = Release|Any CPU
		{35F178FF-775B-47D7-8C99-43D658D03D5D}.AppStore|Any CPU.Deploy.0 = Release|Any CPU
		{35F178FF-775B-47D7-8C99-43D658D03D5D}.AppStore|ARM.ActiveCfg = Release|Any CPU
		{35F178FF-775B-47D7-8C99-43D658D03D5D}.AppStore|ARM.Build.0 = Release|Any CPU
		{35F178FF-775B-47D7-8C99-43D658D03D5D}.AppStore|ARM.Deploy.0 = Release|Any CPU
		{35F178FF-775B-47D7-8C99-43D658D03D5D}.AppStore|iPhone.ActiveCfg = Release|Any CPU
		{35F178FF-775B-47D7-8C99-43D658D03D5D}.AppStore|iPhone.Build.0 = Release|Any CPU
		{35F178FF-775B-47D7-8C99-43D658D03D5D}.AppStore|iPhone.Deploy.0 = Release|Any CPU
		{35F178FF-775B-47D7-8C99-43D658D03D5D}.AppStore|iPhoneSimulator.ActiveCfg = Release|Any CPU
		{35F178FF-775B-47D7-8C99-43D658D03D5D}.AppStore|iPhoneSimulator.Build.0 = Release|Any CPU
		{35F178FF-775B-47D7-8C99-43D658D03D5D}.AppStore|iPhoneSimulator.Deploy.0 = Release|Any CPU
		{35F178FF-775B-47D7-8C99-43D658D03D5D}.AppStore|x64.ActiveCfg = Release|Any CPU
		{35F178FF-775B-47D7-8C99-43D658D03D5D}.AppStore|x64.Build.0 = Release|Any CPU
		{35F178FF-775B-47D7-8C99-43D658D03D5D}.AppStore|x64.Deploy.0 = Release|Any CPU
		{35F178FF-775B-47D7-8C99-43D658D03D5D}.AppStore|x86.ActiveCfg = Release|Any CPU
		{35F178FF-775B-47D7-8C99-43D658D03D5D}.AppStore|x86.Build.0 = Release|Any CPU
		{35F178FF-775B-47D7-8C99-43D658D03D5D}.AppStore|x86.Deploy.0 = Release|Any CPU
		{35F178FF-775B-47D7-8C99-43D658D03D5D}.Debug|Any CPU.ActiveCfg = Debug|Any CPU
		{35F178FF-775B-47D7-8C99-43D658D03D5D}.Debug|Any CPU.Build.0 = Debug|Any CPU
		{35F178FF-775B-47D7-8C99-43D658D03D5D}.Debug|Any CPU.Deploy.0 = Debug|Any CPU
		{35F178FF-775B-47D7-8C99-43D658D03D5D}.Debug|ARM.ActiveCfg = Debug|Any CPU
		{35F178FF-775B-47D7-8C99-43D658D03D5D}.Debug|ARM.Build.0 = Debug|Any CPU
		{35F178FF-775B-47D7-8C99-43D658D03D5D}.Debug|ARM.Deploy.0 = Debug|Any CPU
		{35F178FF-775B-47D7-8C99-43D658D03D5D}.Debug|iPhone.ActiveCfg = Debug|Any CPU
		{35F178FF-775B-47D7-8C99-43D658D03D5D}.Debug|iPhone.Build.0 = Debug|Any CPU
		{35F178FF-775B-47D7-8C99-43D658D03D5D}.Debug|iPhone.Deploy.0 = Debug|Any CPU
		{35F178FF-775B-47D7-8C99-43D658D03D5D}.Debug|iPhoneSimulator.ActiveCfg = Debug|Any CPU
		{35F178FF-775B-47D7-8C99-43D658D03D5D}.Debug|iPhoneSimulator.Build.0 = Debug|Any CPU
		{35F178FF-775B-47D7-8C99-43D658D03D5D}.Debug|iPhoneSimulator.Deploy.0 = Debug|Any CPU
		{35F178FF-775B-47D7-8C99-43D658D03D5D}.Debug|x64.ActiveCfg = Debug|Any CPU
		{35F178FF-775B-47D7-8C99-43D658D03D5D}.Debug|x64.Build.0 = Debug|Any CPU
		{35F178FF-775B-47D7-8C99-43D658D03D5D}.Debug|x64.Deploy.0 = Debug|Any CPU
		{35F178FF-775B-47D7-8C99-43D658D03D5D}.Debug|x86.ActiveCfg = Debug|Any CPU
		{35F178FF-775B-47D7-8C99-43D658D03D5D}.Debug|x86.Build.0 = Debug|Any CPU
		{35F178FF-775B-47D7-8C99-43D658D03D5D}.Debug|x86.Deploy.0 = Debug|Any CPU
		{35F178FF-775B-47D7-8C99-43D658D03D5D}.Release|Any CPU.ActiveCfg = Release|Any CPU
		{35F178FF-775B-47D7-8C99-43D658D03D5D}.Release|Any CPU.Build.0 = Release|Any CPU
		{35F178FF-775B-47D7-8C99-43D658D03D5D}.Release|Any CPU.Deploy.0 = Release|Any CPU
		{35F178FF-775B-47D7-8C99-43D658D03D5D}.Release|ARM.ActiveCfg = Release|Any CPU
		{35F178FF-775B-47D7-8C99-43D658D03D5D}.Release|ARM.Build.0 = Release|Any CPU
		{35F178FF-775B-47D7-8C99-43D658D03D5D}.Release|ARM.Deploy.0 = Release|Any CPU
		{35F178FF-775B-47D7-8C99-43D658D03D5D}.Release|iPhone.ActiveCfg = Release|Any CPU
		{35F178FF-775B-47D7-8C99-43D658D03D5D}.Release|iPhone.Build.0 = Release|Any CPU
		{35F178FF-775B-47D7-8C99-43D658D03D5D}.Release|iPhone.Deploy.0 = Release|Any CPU
		{35F178FF-775B-47D7-8C99-43D658D03D5D}.Release|iPhoneSimulator.ActiveCfg = Release|Any CPU
		{35F178FF-775B-47D7-8C99-43D658D03D5D}.Release|iPhoneSimulator.Build.0 = Release|Any CPU
		{35F178FF-775B-47D7-8C99-43D658D03D5D}.Release|iPhoneSimulator.Deploy.0 = Release|Any CPU
		{35F178FF-775B-47D7-8C99-43D658D03D5D}.Release|x64.ActiveCfg = Release|Any CPU
		{35F178FF-775B-47D7-8C99-43D658D03D5D}.Release|x64.Build.0 = Release|Any CPU
		{35F178FF-775B-47D7-8C99-43D658D03D5D}.Release|x64.Deploy.0 = Release|Any CPU
		{35F178FF-775B-47D7-8C99-43D658D03D5D}.Release|x86.ActiveCfg = Release|Any CPU
		{35F178FF-775B-47D7-8C99-43D658D03D5D}.Release|x86.Build.0 = Release|Any CPU
		{35F178FF-775B-47D7-8C99-43D658D03D5D}.Release|x86.Deploy.0 = Release|Any CPU
		{BC7C1F97-C979-42E8-955E-35B6CC04DF03}.Ad-Hoc|Any CPU.ActiveCfg = Ad-Hoc|iPhone
		{BC7C1F97-C979-42E8-955E-35B6CC04DF03}.Ad-Hoc|ARM.ActiveCfg = Ad-Hoc|iPhone
		{BC7C1F97-C979-42E8-955E-35B6CC04DF03}.Ad-Hoc|iPhone.ActiveCfg = Ad-Hoc|iPhone
		{BC7C1F97-C979-42E8-955E-35B6CC04DF03}.Ad-Hoc|iPhone.Build.0 = Ad-Hoc|iPhone
		{BC7C1F97-C979-42E8-955E-35B6CC04DF03}.Ad-Hoc|iPhoneSimulator.ActiveCfg = Ad-Hoc|iPhoneSimulator
		{BC7C1F97-C979-42E8-955E-35B6CC04DF03}.Ad-Hoc|iPhoneSimulator.Build.0 = Ad-Hoc|iPhoneSimulator
		{BC7C1F97-C979-42E8-955E-35B6CC04DF03}.Ad-Hoc|x64.ActiveCfg = Ad-Hoc|iPhone
		{BC7C1F97-C979-42E8-955E-35B6CC04DF03}.Ad-Hoc|x86.ActiveCfg = Ad-Hoc|iPhone
		{BC7C1F97-C979-42E8-955E-35B6CC04DF03}.AppStore|Any CPU.ActiveCfg = AppStore|iPhone
		{BC7C1F97-C979-42E8-955E-35B6CC04DF03}.AppStore|ARM.ActiveCfg = AppStore|iPhone
		{BC7C1F97-C979-42E8-955E-35B6CC04DF03}.AppStore|iPhone.ActiveCfg = AppStore|iPhone
		{BC7C1F97-C979-42E8-955E-35B6CC04DF03}.AppStore|iPhone.Build.0 = AppStore|iPhone
		{BC7C1F97-C979-42E8-955E-35B6CC04DF03}.AppStore|iPhoneSimulator.ActiveCfg = AppStore|iPhoneSimulator
		{BC7C1F97-C979-42E8-955E-35B6CC04DF03}.AppStore|iPhoneSimulator.Build.0 = AppStore|iPhoneSimulator
		{BC7C1F97-C979-42E8-955E-35B6CC04DF03}.AppStore|x64.ActiveCfg = AppStore|iPhone
		{BC7C1F97-C979-42E8-955E-35B6CC04DF03}.AppStore|x86.ActiveCfg = AppStore|iPhone
		{BC7C1F97-C979-42E8-955E-35B6CC04DF03}.Debug|Any CPU.ActiveCfg = Debug|iPhone
		{BC7C1F97-C979-42E8-955E-35B6CC04DF03}.Debug|ARM.ActiveCfg = Debug|iPhone
		{BC7C1F97-C979-42E8-955E-35B6CC04DF03}.Debug|iPhone.ActiveCfg = Debug|iPhone
		{BC7C1F97-C979-42E8-955E-35B6CC04DF03}.Debug|iPhone.Build.0 = Debug|iPhone
		{BC7C1F97-C979-42E8-955E-35B6CC04DF03}.Debug|iPhoneSimulator.ActiveCfg = Debug|iPhoneSimulator
		{BC7C1F97-C979-42E8-955E-35B6CC04DF03}.Debug|iPhoneSimulator.Build.0 = Debug|iPhoneSimulator
		{BC7C1F97-C979-42E8-955E-35B6CC04DF03}.Debug|x64.ActiveCfg = Debug|iPhone
		{BC7C1F97-C979-42E8-955E-35B6CC04DF03}.Debug|x86.ActiveCfg = Debug|iPhone
		{BC7C1F97-C979-42E8-955E-35B6CC04DF03}.Release|Any CPU.ActiveCfg = Release|iPhone
		{BC7C1F97-C979-42E8-955E-35B6CC04DF03}.Release|ARM.ActiveCfg = Release|iPhone
		{BC7C1F97-C979-42E8-955E-35B6CC04DF03}.Release|iPhone.ActiveCfg = Release|iPhone
		{BC7C1F97-C979-42E8-955E-35B6CC04DF03}.Release|iPhone.Build.0 = Release|iPhone
		{BC7C1F97-C979-42E8-955E-35B6CC04DF03}.Release|iPhoneSimulator.ActiveCfg = Release|iPhoneSimulator
		{BC7C1F97-C979-42E8-955E-35B6CC04DF03}.Release|iPhoneSimulator.Build.0 = Release|iPhoneSimulator
		{BC7C1F97-C979-42E8-955E-35B6CC04DF03}.Release|x64.ActiveCfg = Release|iPhone
		{BC7C1F97-C979-42E8-955E-35B6CC04DF03}.Release|x86.ActiveCfg = Release|iPhone
		{F362DA3D-62F3-40CA-A31E-E95E6EDFCB3E}.Ad-Hoc|Any CPU.ActiveCfg = Release|x86
		{F362DA3D-62F3-40CA-A31E-E95E6EDFCB3E}.Ad-Hoc|Any CPU.Build.0 = Release|x86
		{F362DA3D-62F3-40CA-A31E-E95E6EDFCB3E}.Ad-Hoc|Any CPU.Deploy.0 = Release|x86
		{F362DA3D-62F3-40CA-A31E-E95E6EDFCB3E}.Ad-Hoc|ARM.ActiveCfg = Release|ARM
		{F362DA3D-62F3-40CA-A31E-E95E6EDFCB3E}.Ad-Hoc|ARM.Build.0 = Release|ARM
		{F362DA3D-62F3-40CA-A31E-E95E6EDFCB3E}.Ad-Hoc|ARM.Deploy.0 = Release|ARM
		{F362DA3D-62F3-40CA-A31E-E95E6EDFCB3E}.Ad-Hoc|iPhone.ActiveCfg = Release|x86
		{F362DA3D-62F3-40CA-A31E-E95E6EDFCB3E}.Ad-Hoc|iPhone.Build.0 = Release|x86
		{F362DA3D-62F3-40CA-A31E-E95E6EDFCB3E}.Ad-Hoc|iPhone.Deploy.0 = Release|x86
		{F362DA3D-62F3-40CA-A31E-E95E6EDFCB3E}.Ad-Hoc|iPhoneSimulator.ActiveCfg = Release|x86
		{F362DA3D-62F3-40CA-A31E-E95E6EDFCB3E}.Ad-Hoc|iPhoneSimulator.Build.0 = Release|x86
		{F362DA3D-62F3-40CA-A31E-E95E6EDFCB3E}.Ad-Hoc|iPhoneSimulator.Deploy.0 = Release|x86
		{F362DA3D-62F3-40CA-A31E-E95E6EDFCB3E}.Ad-Hoc|x64.ActiveCfg = Release|x64
		{F362DA3D-62F3-40CA-A31E-E95E6EDFCB3E}.Ad-Hoc|x64.Build.0 = Release|x64
		{F362DA3D-62F3-40CA-A31E-E95E6EDFCB3E}.Ad-Hoc|x64.Deploy.0 = Release|x64
		{F362DA3D-62F3-40CA-A31E-E95E6EDFCB3E}.Ad-Hoc|x86.ActiveCfg = Release|x86
		{F362DA3D-62F3-40CA-A31E-E95E6EDFCB3E}.Ad-Hoc|x86.Build.0 = Release|x86
		{F362DA3D-62F3-40CA-A31E-E95E6EDFCB3E}.Ad-Hoc|x86.Deploy.0 = Release|x86
		{F362DA3D-62F3-40CA-A31E-E95E6EDFCB3E}.AppStore|Any CPU.ActiveCfg = Release|x86
		{F362DA3D-62F3-40CA-A31E-E95E6EDFCB3E}.AppStore|Any CPU.Build.0 = Release|x86
		{F362DA3D-62F3-40CA-A31E-E95E6EDFCB3E}.AppStore|Any CPU.Deploy.0 = Release|x86
		{F362DA3D-62F3-40CA-A31E-E95E6EDFCB3E}.AppStore|ARM.ActiveCfg = Release|ARM
		{F362DA3D-62F3-40CA-A31E-E95E6EDFCB3E}.AppStore|ARM.Build.0 = Release|ARM
		{F362DA3D-62F3-40CA-A31E-E95E6EDFCB3E}.AppStore|ARM.Deploy.0 = Release|ARM
		{F362DA3D-62F3-40CA-A31E-E95E6EDFCB3E}.AppStore|iPhone.ActiveCfg = Release|x86
		{F362DA3D-62F3-40CA-A31E-E95E6EDFCB3E}.AppStore|iPhone.Build.0 = Release|x86
		{F362DA3D-62F3-40CA-A31E-E95E6EDFCB3E}.AppStore|iPhone.Deploy.0 = Release|x86
		{F362DA3D-62F3-40CA-A31E-E95E6EDFCB3E}.AppStore|iPhoneSimulator.ActiveCfg = Release|x86
		{F362DA3D-62F3-40CA-A31E-E95E6EDFCB3E}.AppStore|iPhoneSimulator.Build.0 = Release|x86
		{F362DA3D-62F3-40CA-A31E-E95E6EDFCB3E}.AppStore|iPhoneSimulator.Deploy.0 = Release|x86
		{F362DA3D-62F3-40CA-A31E-E95E6EDFCB3E}.AppStore|x64.ActiveCfg = Release|x64
		{F362DA3D-62F3-40CA-A31E-E95E6EDFCB3E}.AppStore|x64.Build.0 = Release|x64
		{F362DA3D-62F3-40CA-A31E-E95E6EDFCB3E}.AppStore|x64.Deploy.0 = Release|x64
		{F362DA3D-62F3-40CA-A31E-E95E6EDFCB3E}.AppStore|x86.ActiveCfg = Release|x86
		{F362DA3D-62F3-40CA-A31E-E95E6EDFCB3E}.AppStore|x86.Build.0 = Release|x86
		{F362DA3D-62F3-40CA-A31E-E95E6EDFCB3E}.AppStore|x86.Deploy.0 = Release|x86
		{F362DA3D-62F3-40CA-A31E-E95E6EDFCB3E}.Debug|Any CPU.ActiveCfg = Debug|x86
		{F362DA3D-62F3-40CA-A31E-E95E6EDFCB3E}.Debug|Any CPU.Build.0 = Debug|x86
		{F362DA3D-62F3-40CA-A31E-E95E6EDFCB3E}.Debug|Any CPU.Deploy.0 = Debug|x86
		{F362DA3D-62F3-40CA-A31E-E95E6EDFCB3E}.Debug|ARM.ActiveCfg = Debug|ARM
		{F362DA3D-62F3-40CA-A31E-E95E6EDFCB3E}.Debug|ARM.Build.0 = Debug|ARM
		{F362DA3D-62F3-40CA-A31E-E95E6EDFCB3E}.Debug|ARM.Deploy.0 = Debug|ARM
		{F362DA3D-62F3-40CA-A31E-E95E6EDFCB3E}.Debug|iPhone.ActiveCfg = Debug|x86
		{F362DA3D-62F3-40CA-A31E-E95E6EDFCB3E}.Debug|iPhoneSimulator.ActiveCfg = Debug|x86
		{F362DA3D-62F3-40CA-A31E-E95E6EDFCB3E}.Debug|x64.ActiveCfg = Debug|x64
		{F362DA3D-62F3-40CA-A31E-E95E6EDFCB3E}.Debug|x64.Build.0 = Debug|x64
		{F362DA3D-62F3-40CA-A31E-E95E6EDFCB3E}.Debug|x64.Deploy.0 = Debug|x64
		{F362DA3D-62F3-40CA-A31E-E95E6EDFCB3E}.Debug|x86.ActiveCfg = Debug|x86
		{F362DA3D-62F3-40CA-A31E-E95E6EDFCB3E}.Debug|x86.Build.0 = Debug|x86
		{F362DA3D-62F3-40CA-A31E-E95E6EDFCB3E}.Debug|x86.Deploy.0 = Debug|x86
		{F362DA3D-62F3-40CA-A31E-E95E6EDFCB3E}.Release|Any CPU.ActiveCfg = Release|x86
		{F362DA3D-62F3-40CA-A31E-E95E6EDFCB3E}.Release|ARM.ActiveCfg = Release|ARM
		{F362DA3D-62F3-40CA-A31E-E95E6EDFCB3E}.Release|ARM.Build.0 = Release|ARM
		{F362DA3D-62F3-40CA-A31E-E95E6EDFCB3E}.Release|ARM.Deploy.0 = Release|ARM
		{F362DA3D-62F3-40CA-A31E-E95E6EDFCB3E}.Release|iPhone.ActiveCfg = Release|x86
		{F362DA3D-62F3-40CA-A31E-E95E6EDFCB3E}.Release|iPhoneSimulator.ActiveCfg = Release|x86
		{F362DA3D-62F3-40CA-A31E-E95E6EDFCB3E}.Release|x64.ActiveCfg = Release|x64
		{F362DA3D-62F3-40CA-A31E-E95E6EDFCB3E}.Release|x64.Build.0 = Release|x64
		{F362DA3D-62F3-40CA-A31E-E95E6EDFCB3E}.Release|x64.Deploy.0 = Release|x64
		{F362DA3D-62F3-40CA-A31E-E95E6EDFCB3E}.Release|x86.ActiveCfg = Release|x86
		{F362DA3D-62F3-40CA-A31E-E95E6EDFCB3E}.Release|x86.Build.0 = Release|x86
		{F362DA3D-62F3-40CA-A31E-E95E6EDFCB3E}.Release|x86.Deploy.0 = Release|x86
	EndGlobalSection
	GlobalSection(SolutionProperties) = preSolution
		HideSolutionNode = FALSE
	EndGlobalSection
EndGlobal
